
Microsoft Visual Studio Solution File, Format Version 12.00
# Visual Studio 14
VisualStudioVersion = 14.0.25123.0
MinimumVisualStudioVersion = 10.0.40219.1
Project("{FAE04EC0-301F-11D3-BF4B-00C04F79EFBC}") = "WindowsFormsApplication1", "WindowsFormsApplication1\WindowsFormsApplication1.csproj", "{3AA2469A-B22A-497B-8549-E0EAD22059BB}"
EndProject
Project("{FAE04EC0-301F-11D3-BF4B-00C04F79EFBC}") = "WindowsFormsApplication1Tests2", "WindowsFormsApplication1Tests2\WindowsFormsApplication1Tests2.csproj", "{0060D10D-257E-464A-89F2-87E5F7713402}"
EndProject
Global
	GlobalSection(SolutionConfigurationPlatforms) = preSolution
		Debug|Any CPU = Debug|Any CPU
		Release|Any CPU = Release|Any CPU
	EndGlobalSection
	GlobalSection(ProjectConfigurationPlatforms) = postSolution
		{3AA2469A-B22A-497B-8549-E0EAD22059BB}.Debug|Any CPU.ActiveCfg = Debug|Any CPU
		{3AA2469A-B22A-497B-8549-E0EAD22059BB}.Debug|Any CPU.Build.0 = Debug|Any CPU
		{3AA2469A-B22A-497B-8549-E0EAD22059BB}.Release|Any CPU.ActiveCfg = Release|Any CPU
		{3AA2469A-B22A-497B-8549-E0EAD22059BB}.Release|Any CPU.Build.0 = Release|Any CPU
		{0060D10D-257E-464A-89F2-87E5F7713402}.Debug|Any CPU.ActiveCfg = Debug|Any CPU
		{0060D10D-257E-464A-89F2-87E5F7713402}.Debug|Any CPU.Build.0 = Debug|Any CPU
		{0060D10D-257E-464A-89F2-87E5F7713402}.Release|Any CPU.ActiveCfg = Release|Any CPU
		{0060D10D-257E-464A-89F2-87E5F7713402}.Release|Any CPU.Build.0 = Release|Any CPU
	EndGlobalSection
	GlobalSection(SolutionProperties) = preSolution
		HideSolutionNode = FALSE
	EndGlobalSection
EndGlobal
